
Microsoft Visual Studio Solution File, Format Version 12.00
# Visual Studio 14
VisualStudioVersion = 14.0.25420.1
MinimumVisualStudioVersion = 10.0.40219.1
Project("{2150E333-8FDC-42A3-9474-1A3956D46DE8}") = "0 – Presentation", "0 – Presentation", "{25B69501-2486-4572-AF7A-32FD0231744F}"
EndProject
Project("{2150E333-8FDC-42A3-9474-1A3956D46DE8}") = "1 – Application", "1 – Application", "{70B0C9D8-D1C4-41FF-BBF4-947024A278BF}"
EndProject
Project("{2150E333-8FDC-42A3-9474-1A3956D46DE8}") = "2 – Service", "2 – Service", "{3C76A3F1-2F34-4A93-973E-49EBB56BA29F}"
EndProject
Project("{2150E333-8FDC-42A3-9474-1A3956D46DE8}") = "3 – Domain", "3 – Domain", "{5A306BE9-7B0C-47DA-BD12-C29B88DF6C00}"
EndProject
Project("{2150E333-8FDC-42A3-9474-1A3956D46DE8}") = "4 – Infrastructure", "4 – Infrastructure", "{F772CDD8-D4FF-427E-9C22-BCCE4ED3BD88}"
EndProject
Project("{2150E333-8FDC-42A3-9474-1A3956D46DE8}") = "4.1 – Data", "4.1 – Data", "{5A99C4C9-2FF8-494D-A0F9-B51192561577}"
EndProject
Project("{2150E333-8FDC-42A3-9474-1A3956D46DE8}") = "4.2 – CrossCutting", "4.2 – CrossCutting", "{355F3FC5-A57D-46D6-B6F2-99B15A53AAE7}"
EndProject
Project("{2150E333-8FDC-42A3-9474-1A3956D46DE8}") = "4.2.1 – IoC", "4.2.1 – IoC", "{740198AE-F110-4D7A-9CB6-440C690A6721}"
EndProject
Project("{FAE04EC0-301F-11D3-BF4B-00C04F79EFBC}") = "LVSA.Security.Infrastructure.CrossCutting.Identity", "LVSA.Security.Infrastructure.CrossCutting.Identity\LVSA.Security.Infrastructure.CrossCutting.Identity.csproj", "{45E804C7-E35E-4F6E-A9EB-E3E88ACD82E3}"
EndProject
Project("{FAE04EC0-301F-11D3-BF4B-00C04F79EFBC}") = "LVSA.Security.Infrastructure.CrossCutting.IoC.Application", "LVSA.Security.Infrastructure.CrossCutting.IoC.Application\LVSA.Security.Infrastructure.CrossCutting.IoC.Application.csproj", "{19E8AF6E-7667-49F0-9C59-6E7C798F36B0}"
EndProject
Project("{FAE04EC0-301F-11D3-BF4B-00C04F79EFBC}") = "LVSA.Security.Infrastructure.CrossCutting.IoC.Domain", "LVSA.Security.Infrastructure.CrossCutting.IoC.Domain\LVSA.Security.Infrastructure.CrossCutting.IoC.Domain.csproj", "{3049A7AC-1F81-4414-9BB6-3B0283517F71}"
EndProject
Project("{FAE04EC0-301F-11D3-BF4B-00C04F79EFBC}") = "LVSA.Security.Infrastructure.Data", "LVSA.Security.Infrastructure.Data\LVSA.Security.Infrastructure.Data.csproj", "{95E22DE6-0ACA-4B66-99AB-0657C806E252}"
EndProject
Project("{FAE04EC0-301F-11D3-BF4B-00C04F79EFBC}") = "LVSA.Base.Infrastructure.CrossCutting.IoC.Application", "LVSA.Base.Infrastructure.CrossCutting.IoC.Application\LVSA.Base.Infrastructure.CrossCutting.IoC.Application.csproj", "{CB1BD61C-FCAD-42E3-AFFF-FDC8DEF2D937}"
EndProject
Project("{FAE04EC0-301F-11D3-BF4B-00C04F79EFBC}") = "LVSA.Base.Infrastructure.CrossCutting.IoC.Domain", "LVSA.Base.Infrastructure.CrossCutting.IoC.Domain\LVSA.Base.Infrastructure.CrossCutting.IoC.Domain.csproj", "{E474A33B-71A4-4607-B5E6-C2B1EEC6EFC4}"
EndProject
Project("{FAE04EC0-301F-11D3-BF4B-00C04F79EFBC}") = "LVSA.Base.Infrastructure.CrossCutting.REST", "LVSA.Base.Infrastructure.CrossCutting.REST\LVSA.Base.Infrastructure.CrossCutting.REST.csproj", "{6EA05953-EDBA-4C45-87F1-DC09BABC02A2}"
EndProject
Project("{FAE04EC0-301F-11D3-BF4B-00C04F79EFBC}") = "LVSA.Base.Infrastructure.CrossCutting.Utility", "LVSA.Base.Infrastructure.CrossCutting.Utility\LVSA.Base.Infrastructure.CrossCutting.Utility.csproj", "{C5BB6562-927C-45AC-B833-BB42732C641D}"
EndProject
Project("{FAE04EC0-301F-11D3-BF4B-00C04F79EFBC}") = "LVSA.Base.Domain", "LVSA.Base.Domain\LVSA.Base.Domain.csproj", "{7A07FF50-D1E2-426B-A189-1B07D62C7FC3}"
EndProject
Project("{FAE04EC0-301F-11D3-BF4B-00C04F79EFBC}") = "LVSA.Security.Domain", "LVSA.Security.Domain\LVSA.Security.Domain.csproj", "{A622441B-1F05-4D99-AD16-ADEF22A3EFC1}"
EndProject
Project("{FAE04EC0-301F-11D3-BF4B-00C04F79EFBC}") = "LVSA.Base.Infrastructure.Data", "LVSA.Base.Infrastructure.Data\LVSA.Base.Infrastructure.Data.csproj", "{1D1EFF38-866C-4562-9CD6-0BEAB3D641D0}"
EndProject
Project("{FAE04EC0-301F-11D3-BF4B-00C04F79EFBC}") = "LVSA.Security.Service", "LVSA.Security.Service\LVSA.Security.Service.csproj", "{5A7D4C7E-BBC0-49B4-9E7B-FD9E69789F3F}"
EndProject
Project("{FAE04EC0-301F-11D3-BF4B-00C04F79EFBC}") = "LVSA.Base.Application", "LVSA.Base.Application\LVSA.Base.Application.csproj", "{1504E48F-FBDE-45C7-A321-A3A73FAA6DC6}"
EndProject
Project("{FAE04EC0-301F-11D3-BF4B-00C04F79EFBC}") = "LVSA.Security.Application", "LVSA.Security.Application\LVSA.Security.Application.csproj", "{E386CD15-DB3A-4CA4-9D40-5E05ACF2CE03}"
EndProject
Project("{FAE04EC0-301F-11D3-BF4B-00C04F79EFBC}") = "LVSA.Base.Presentation", "LVSA.Base.Presentation\LVSA.Base.Presentation.csproj", "{775D6409-A0D2-4963-9684-8947DF10D7F9}"
EndProject
Project("{FAE04EC0-301F-11D3-BF4B-00C04F79EFBC}") = "LVSA.Security.Presentation", "LVSA.Security.Presentation\LVSA.Security.Presentation.csproj", "{A864E9E1-C222-4F2B-B6C2-18256DD7DADB}"
EndProject
Project("{FAE04EC0-301F-11D3-BF4B-00C04F79EFBC}") = "LVSA.Base.Infrastructure.CrossCutting.Roslyn", "LVSA.Base.Infrastructure.CrossCutting.Roslyn\LVSA.Base.Infrastructure.CrossCutting.Roslyn.csproj", "{D1A6D981-4288-4DDD-A891-4BC8EC3A5A22}"
EndProject
Project("{FAE04EC0-301F-11D3-BF4B-00C04F79EFBC}") = "LVSA.Noticia.Domain", "LVSA.Noticia.Domain\LVSA.Noticia.Domain.csproj", "{0D24132B-6960-4F04-A59E-0700585A0394}"
EndProject
Project("{FAE04EC0-301F-11D3-BF4B-00C04F79EFBC}") = "LVSA.Noticia.Infrastructure.Data", "LVSA.Noticia.Infrastructure.Data\LVSA.Noticia.Infrastructure.Data.csproj", "{2E8DE1DF-CB9E-4E40-B8EF-15A0C603C08E}"
EndProject
Project("{FAE04EC0-301F-11D3-BF4B-00C04F79EFBC}") = "LVSA.Noticia.Infrastructure.CrossCutting.IoC.Domain", "LVSA.Noticia.Infrastructure.CrossCutting.IoC.Domain\LVSA.Noticia.Infrastructure.CrossCutting.IoC.Domain.csproj", "{7A0BAEB9-E5B9-4870-B6ED-02038F8B4990}"
EndProject
Project("{FAE04EC0-301F-11D3-BF4B-00C04F79EFBC}") = "LVSA.Noticia.Infrastructure.CrossCutting.IoC.Application", "LVSA.Noticia.Infrastructure.CrossCutting.IoC.Application\LVSA.Noticia.Infrastructure.CrossCutting.IoC.Application.csproj", "{F2ACF7C0-1E9B-4C38-AE9E-FC43817BE896}"
EndProject
Project("{FAE04EC0-301F-11D3-BF4B-00C04F79EFBC}") = "LVSA.Noticia.Application", "LVSA.Noticia.Application\LVSA.Noticia.Application.csproj", "{4E2D0C61-00E2-4966-A2A9-7EE91C9B35EC}"
EndProject
Project("{FAE04EC0-301F-11D3-BF4B-00C04F79EFBC}") = "LVSA.Noticia.Presentation", "LVSA.Noticia.Presentation\LVSA.Noticia.Presentation.csproj", "{19868BE6-5B7A-4A76-8706-D55FCB796E1D}"
EndProject
Project("{FAE04EC0-301F-11D3-BF4B-00C04F79EFBC}") = "LVSA.CDN.Presentation", "LVSA.CDN.Presentation\LVSA.CDN.Presentation.csproj", "{0797B2BC-AF87-4D8C-AADC-9A9D48F5E1E3}"
EndProject
Project("{FAE04EC0-301F-11D3-BF4B-00C04F79EFBC}") = "LVSA.Gerenciador.Presentation", "LVSA.Gerenciador.Presentation\LVSA.Gerenciador.Presentation.csproj", "{6D20DD57-116F-42C6-AAD1-D3AB450153A3}"
EndProject
Project("{FAE04EC0-301F-11D3-BF4B-00C04F79EFBC}") = "LVSA.Global.Domain", "LVSA.Global.Domain\LVSA.Global.Domain.csproj", "{91EB9ED2-B6E6-42BD-9CFA-B95252BF3B56}"
EndProject
Project("{FAE04EC0-301F-11D3-BF4B-00C04F79EFBC}") = "LVSA.Global.Infrastructure.CrossCutting.IoC.Application", "LVSA.Global.Infrastructure.CrossCutting.IoC.Application\LVSA.Global.Infrastructure.CrossCutting.IoC.Application.csproj", "{97BD8449-5601-4F88-99B4-008668AF83C0}"
EndProject
Project("{FAE04EC0-301F-11D3-BF4B-00C04F79EFBC}") = "LVSA.Global.Infrastructure.CrossCutting.IoC.Domain", "LVSA.Global.Infrastructure.CrossCutting.IoC.Domain\LVSA.Global.Infrastructure.CrossCutting.IoC.Domain.csproj", "{E26ECD4F-2136-40CC-8ED3-AE0DABD3620E}"
EndProject
Project("{FAE04EC0-301F-11D3-BF4B-00C04F79EFBC}") = "LVSA.Global.Infrastructure.Data", "LVSA.Global.Infrastructure.Data\LVSA.Global.Infrastructure.Data.csproj", "{91C89A8D-F622-4A96-BCE1-41128B18B370}"
EndProject
Project("{FAE04EC0-301F-11D3-BF4B-00C04F79EFBC}") = "LVSA.Global.Application", "LVSA.Global.Application\LVSA.Global.Application.csproj", "{25A1560C-7E27-46A9-9D3D-BC073782DE4A}"
EndProject
Project("{FAE04EC0-301F-11D3-BF4B-00C04F79EFBC}") = "LVSA.Global.Presentation", "LVSA.Global.Presentation\LVSA.Global.Presentation.csproj", "{38D38AC3-8F59-4584-BACF-95927BF61412}"
EndProject
Project("{2150E333-8FDC-42A3-9474-1A3956D46DE8}") = ".nuget", ".nuget", "{57AC70F3-4A2E-4E93-9BFD-266DF4448F3D}"
	ProjectSection(SolutionItems) = preProject
		.nuget\NuGet.Config = .nuget\NuGet.Config
		.nuget\NuGet.exe = .nuget\NuGet.exe
		.nuget\NuGet.targets = .nuget\NuGet.targets
	EndProjectSection
EndProject
Project("{FAE04EC0-301F-11D3-BF4B-00C04F79EFBC}") = "LVSA.Housing.Domain", "LVSA.Housing.Domain\LVSA.Housing.Domain.csproj", "{5D4C4134-C68C-4334-80FD-6DB075838048}"
EndProject
Project("{FAE04EC0-301F-11D3-BF4B-00C04F79EFBC}") = "LVSA.Housing.Infrastructure.Data", "LVSA.Housing.Infrastructure.Data\LVSA.Housing.Infrastructure.Data.csproj", "{ED472B9B-2454-46A7-805F-670D7ACD931D}"
EndProject
Project("{FAE04EC0-301F-11D3-BF4B-00C04F79EFBC}") = "LVSA.Housing.Infrastructure.CrossCutting.IoC.Application", "LVSA.Housing.Infrastructure.CrossCutting.IoC.Application\LVSA.Housing.Infrastructure.CrossCutting.IoC.Application.csproj", "{47DA3355-9102-4A14-9740-B09B32A2B68B}"
EndProject
Project("{FAE04EC0-301F-11D3-BF4B-00C04F79EFBC}") = "LVSA.Housing.Infrastructure.CrossCutting.IoC.Domain", "LVSA.Housing.Infrastructure.CrossCutting.IoC.Domain\LVSA.Housing.Infrastructure.CrossCutting.IoC.Domain.csproj", "{45E25F1D-3C8D-41F9-B71B-F0D9EF88044B}"
EndProject
Project("{FAE04EC0-301F-11D3-BF4B-00C04F79EFBC}") = "LVSA.Housing.Application", "LVSA.Housing.Application\LVSA.Housing.Application.csproj", "{A7C1D551-B6D9-4F7C-AD70-F80DECE69FC6}"
EndProject
Project("{FAE04EC0-301F-11D3-BF4B-00C04F79EFBC}") = "LVSA.Housing.Presentation", "LVSA.Housing.Presentation\LVSA.Housing.Presentation.csproj", "{A0480451-CDDB-43AA-81C5-9AAEA99F9CC9}"
EndProject
Project("{FAE04EC0-301F-11D3-BF4B-00C04F79EFBC}") = "LVSA.Financial.Application", "LVSA.Financial.Application\LVSA.Financial.Application.csproj", "{CD276747-6BC0-4E61-9865-5DD8217EBF37}"
EndProject
Project("{FAE04EC0-301F-11D3-BF4B-00C04F79EFBC}") = "LVSA.Financial.Domain", "LVSA.Financial.Domain\LVSA.Financial.Domain.csproj", "{4C8AAA5A-B39A-4A92-8F31-6C4377880270}"
EndProject
Project("{FAE04EC0-301F-11D3-BF4B-00C04F79EFBC}") = "LVSA.Financial.Infrastructure.Data", "LVSA.Financial.Infrastructure.Data\LVSA.Financial.Infrastructure.Data.csproj", "{5C3B8159-CA2F-4983-8247-70200EBAD41D}"
EndProject
Project("{FAE04EC0-301F-11D3-BF4B-00C04F79EFBC}") = "LVSA.Financial.Infrastructure.CrossCutting.IoC.Application", "LVSA.Financial.Infrastructure.CrossCutting.IoC.Application\LVSA.Financial.Infrastructure.CrossCutting.IoC.Application.csproj", "{11D7CD30-C0D1-4E6C-9B46-2C91A8DB3E36}"
EndProject
Project("{FAE04EC0-301F-11D3-BF4B-00C04F79EFBC}") = "LVSA.Financial.Infrastructure.CrossCutting.IoC.Domain", "LVSA.Financial.Infrastructure.CrossCutting.IoC.Domain\LVSA.Financial.Infrastructure.CrossCutting.IoC.Domain.csproj", "{D98AF73A-B775-4758-A61D-BDBC841DEF61}"
EndProject
Project("{FAE04EC0-301F-11D3-BF4B-00C04F79EFBC}") = "LVSA.Financial.Presentation", "LVSA.Financial.Presentation\LVSA.Financial.Presentation.csproj", "{0A07F9D4-3515-4416-94A6-7D03A64514F6}"
EndProject
Project("{FAE04EC0-301F-11D3-BF4B-00C04F79EFBC}") = "LVSA.Farm.Domain", "LVSA.Farm.Domain\LVSA.Farm.Domain.csproj", "{FA30B3A5-BFD3-4D3C-B27C-5B0544B212FB}"
EndProject
Project("{FAE04EC0-301F-11D3-BF4B-00C04F79EFBC}") = "LVSA.Farm.Infrastructure.Data", "LVSA.Farm.Infrastructure.Data\LVSA.Farm.Infrastructure.Data.csproj", "{B4A8DDCA-6443-48D0-B0F3-066D665D13D3}"
EndProject
Project("{FAE04EC0-301F-11D3-BF4B-00C04F79EFBC}") = "LVSA.Farm.Presentation", "LVSA.Farm.Presentation\LVSA.Farm.Presentation.csproj", "{60E96DEB-501C-48DF-B52E-94F73C41CCE5}"
EndProject
Project("{FAE04EC0-301F-11D3-BF4B-00C04F79EFBC}") = "LVSA.Farm.Infrastructure.CrossCutting.IoC.Domain", "LVSA.Farm.Infrastructure.CrossCutting.IoC.Domain\LVSA.Farm.Infrastructure.CrossCutting.IoC.Domain.csproj", "{A6514BC5-AEFD-4592-8722-6DF65F1BC333}"
EndProject
Project("{FAE04EC0-301F-11D3-BF4B-00C04F79EFBC}") = "LVSA.Farm.Infrastructure.CrossCutting.IoC.Application", "LVSA.Farm.Infrastructure.CrossCutting.IoC.Application\LVSA.Farm.Infrastructure.CrossCutting.IoC.Application.csproj", "{B98552EC-70C4-4141-90EE-AF3F453306E4}"
EndProject
Project("{FAE04EC0-301F-11D3-BF4B-00C04F79EFBC}") = "LVSA.Farm.Application", "LVSA.Farm.Application\LVSA.Farm.Application.csproj", "{FE834E2C-8D69-4E7F-93F1-879C5BD9DFDF}"
EndProject
Project("{FAE04EC0-301F-11D3-BF4B-00C04F79EFBC}") = "LVSA.Report.Domain", "LVSA.Report.Domain\LVSA.Report.Domain.csproj", "{7261C834-DD53-4269-AD39-A8E597965C82}"
EndProject
Project("{FAE04EC0-301F-11D3-BF4B-00C04F79EFBC}") = "LVSA.Report.Infrastructure.Data", "LVSA.Report.Infrastructure.Data\LVSA.Report.Infrastructure.Data.csproj", "{ACC48702-29E4-404D-9DC2-9DD41EBEC4B6}"
EndProject
Project("{FAE04EC0-301F-11D3-BF4B-00C04F79EFBC}") = "LVSA.Report.Application", "LVSA.Report.Application\LVSA.Report.Application.csproj", "{FE9712C8-7D1E-4B23-99A5-4BDD682E2A4E}"
EndProject
Project("{FAE04EC0-301F-11D3-BF4B-00C04F79EFBC}") = "LVSA.Report.Presentation", "LVSA.Report.Presentation\LVSA.Report.Presentation.csproj", "{AE979288-F2A9-4B6E-8473-29BEDCD32941}"
EndProject
Project("{FAE04EC0-301F-11D3-BF4B-00C04F79EFBC}") = "LVSA.Report.Infrastructure.CrossCutting.IoC.Application", "LVSA.Report.Infrastructure.CrossCutting.IoC.Application\LVSA.Report.Infrastructure.CrossCutting.IoC.Application.csproj", "{32E8F44A-AD06-4B3C-B544-34D7A93ECAC9}"
EndProject
Project("{FAE04EC0-301F-11D3-BF4B-00C04F79EFBC}") = "LVSA.Report.Infrastructure.CrossCutting.IoC.Domain", "LVSA.Report.Infrastructure.CrossCutting.IoC.Domain\LVSA.Report.Infrastructure.CrossCutting.IoC.Domain.csproj", "{5B4F6F54-5221-42C9-B459-4700902C775F}"
EndProject
Project("{FAE04EC0-301F-11D3-BF4B-00C04F79EFBC}") = "LVSA.Social.Domain", "LVSA.Social.Domain\LVSA.Social.Domain.csproj", "{6C712A9F-B4D4-439E-B3C5-C1A694265A82}"
EndProject
Project("{FAE04EC0-301F-11D3-BF4B-00C04F79EFBC}") = "LVSA.Social.Infrastructure.Data", "LVSA.Social.Infrastructure.Data\LVSA.Social.Infrastructure.Data.csproj", "{55C26973-199E-4DEE-BCE3-A22D0B21A575}"
EndProject
Project("{FAE04EC0-301F-11D3-BF4B-00C04F79EFBC}") = "LVSA.Social.Presentation", "LVSA.Social.Presentation\LVSA.Social.Presentation.csproj", "{8F80B304-888E-430D-9F83-283AB00942DF}"
EndProject
Global
	GlobalSection(SolutionConfigurationPlatforms) = preSolution
		Debug|Any CPU = Debug|Any CPU
		Release|Any CPU = Release|Any CPU
	EndGlobalSection
	GlobalSection(ProjectConfigurationPlatforms) = postSolution
		{45E804C7-E35E-4F6E-A9EB-E3E88ACD82E3}.Debug|Any CPU.ActiveCfg = Debug|Any CPU
		{45E804C7-E35E-4F6E-A9EB-E3E88ACD82E3}.Debug|Any CPU.Build.0 = Debug|Any CPU
		{45E804C7-E35E-4F6E-A9EB-E3E88ACD82E3}.Release|Any CPU.ActiveCfg = Release|Any CPU
		{45E804C7-E35E-4F6E-A9EB-E3E88ACD82E3}.Release|Any CPU.Build.0 = Release|Any CPU
		{19E8AF6E-7667-49F0-9C59-6E7C798F36B0}.Debug|Any CPU.ActiveCfg = Debug|Any CPU
		{19E8AF6E-7667-49F0-9C59-6E7C798F36B0}.Debug|Any CPU.Build.0 = Debug|Any CPU
		{19E8AF6E-7667-49F0-9C59-6E7C798F36B0}.Release|Any CPU.ActiveCfg = Release|Any CPU
		{19E8AF6E-7667-49F0-9C59-6E7C798F36B0}.Release|Any CPU.Build.0 = Release|Any CPU
		{3049A7AC-1F81-4414-9BB6-3B0283517F71}.Debug|Any CPU.ActiveCfg = Debug|Any CPU
		{3049A7AC-1F81-4414-9BB6-3B0283517F71}.Debug|Any CPU.Build.0 = Debug|Any CPU
		{3049A7AC-1F81-4414-9BB6-3B0283517F71}.Release|Any CPU.ActiveCfg = Release|Any CPU
		{3049A7AC-1F81-4414-9BB6-3B0283517F71}.Release|Any CPU.Build.0 = Release|Any CPU
		{95E22DE6-0ACA-4B66-99AB-0657C806E252}.Debug|Any CPU.ActiveCfg = Debug|Any CPU
		{95E22DE6-0ACA-4B66-99AB-0657C806E252}.Debug|Any CPU.Build.0 = Debug|Any CPU
		{95E22DE6-0ACA-4B66-99AB-0657C806E252}.Release|Any CPU.ActiveCfg = Release|Any CPU
		{95E22DE6-0ACA-4B66-99AB-0657C806E252}.Release|Any CPU.Build.0 = Release|Any CPU
		{CB1BD61C-FCAD-42E3-AFFF-FDC8DEF2D937}.Debug|Any CPU.ActiveCfg = Debug|Any CPU
		{CB1BD61C-FCAD-42E3-AFFF-FDC8DEF2D937}.Debug|Any CPU.Build.0 = Debug|Any CPU
		{CB1BD61C-FCAD-42E3-AFFF-FDC8DEF2D937}.Release|Any CPU.ActiveCfg = Release|Any CPU
		{CB1BD61C-FCAD-42E3-AFFF-FDC8DEF2D937}.Release|Any CPU.Build.0 = Release|Any CPU
		{E474A33B-71A4-4607-B5E6-C2B1EEC6EFC4}.Debug|Any CPU.ActiveCfg = Debug|Any CPU
		{E474A33B-71A4-4607-B5E6-C2B1EEC6EFC4}.Debug|Any CPU.Build.0 = Debug|Any CPU
		{E474A33B-71A4-4607-B5E6-C2B1EEC6EFC4}.Release|Any CPU.ActiveCfg = Release|Any CPU
		{E474A33B-71A4-4607-B5E6-C2B1EEC6EFC4}.Release|Any CPU.Build.0 = Release|Any CPU
		{6EA05953-EDBA-4C45-87F1-DC09BABC02A2}.Debug|Any CPU.ActiveCfg = Debug|Any CPU
		{6EA05953-EDBA-4C45-87F1-DC09BABC02A2}.Debug|Any CPU.Build.0 = Debug|Any CPU
		{6EA05953-EDBA-4C45-87F1-DC09BABC02A2}.Release|Any CPU.ActiveCfg = Release|Any CPU
		{6EA05953-EDBA-4C45-87F1-DC09BABC02A2}.Release|Any CPU.Build.0 = Release|Any CPU
		{C5BB6562-927C-45AC-B833-BB42732C641D}.Debug|Any CPU.ActiveCfg = Debug|Any CPU
		{C5BB6562-927C-45AC-B833-BB42732C641D}.Debug|Any CPU.Build.0 = Debug|Any CPU
		{C5BB6562-927C-45AC-B833-BB42732C641D}.Release|Any CPU.ActiveCfg = Release|Any CPU
		{C5BB6562-927C-45AC-B833-BB42732C641D}.Release|Any CPU.Build.0 = Release|Any CPU
		{7A07FF50-D1E2-426B-A189-1B07D62C7FC3}.Debug|Any CPU.ActiveCfg = Debug|Any CPU
		{7A07FF50-D1E2-426B-A189-1B07D62C7FC3}.Debug|Any CPU.Build.0 = Debug|Any CPU
		{7A07FF50-D1E2-426B-A189-1B07D62C7FC3}.Release|Any CPU.ActiveCfg = Release|Any CPU
		{7A07FF50-D1E2-426B-A189-1B07D62C7FC3}.Release|Any CPU.Build.0 = Release|Any CPU
		{A622441B-1F05-4D99-AD16-ADEF22A3EFC1}.Debug|Any CPU.ActiveCfg = Debug|Any CPU
		{A622441B-1F05-4D99-AD16-ADEF22A3EFC1}.Debug|Any CPU.Build.0 = Debug|Any CPU
		{A622441B-1F05-4D99-AD16-ADEF22A3EFC1}.Release|Any CPU.ActiveCfg = Release|Any CPU
		{A622441B-1F05-4D99-AD16-ADEF22A3EFC1}.Release|Any CPU.Build.0 = Release|Any CPU
		{1D1EFF38-866C-4562-9CD6-0BEAB3D641D0}.Debug|Any CPU.ActiveCfg = Debug|Any CPU
		{1D1EFF38-866C-4562-9CD6-0BEAB3D641D0}.Debug|Any CPU.Build.0 = Debug|Any CPU
		{1D1EFF38-866C-4562-9CD6-0BEAB3D641D0}.Release|Any CPU.ActiveCfg = Release|Any CPU
		{1D1EFF38-866C-4562-9CD6-0BEAB3D641D0}.Release|Any CPU.Build.0 = Release|Any CPU
		{5A7D4C7E-BBC0-49B4-9E7B-FD9E69789F3F}.Debug|Any CPU.ActiveCfg = Debug|Any CPU
		{5A7D4C7E-BBC0-49B4-9E7B-FD9E69789F3F}.Debug|Any CPU.Build.0 = Debug|Any CPU
		{5A7D4C7E-BBC0-49B4-9E7B-FD9E69789F3F}.Release|Any CPU.ActiveCfg = Release|Any CPU
		{5A7D4C7E-BBC0-49B4-9E7B-FD9E69789F3F}.Release|Any CPU.Build.0 = Release|Any CPU
		{1504E48F-FBDE-45C7-A321-A3A73FAA6DC6}.Debug|Any CPU.ActiveCfg = Debug|Any CPU
		{1504E48F-FBDE-45C7-A321-A3A73FAA6DC6}.Debug|Any CPU.Build.0 = Debug|Any CPU
		{1504E48F-FBDE-45C7-A321-A3A73FAA6DC6}.Release|Any CPU.ActiveCfg = Release|Any CPU
		{1504E48F-FBDE-45C7-A321-A3A73FAA6DC6}.Release|Any CPU.Build.0 = Release|Any CPU
		{E386CD15-DB3A-4CA4-9D40-5E05ACF2CE03}.Debug|Any CPU.ActiveCfg = Debug|Any CPU
		{E386CD15-DB3A-4CA4-9D40-5E05ACF2CE03}.Debug|Any CPU.Build.0 = Debug|Any CPU
		{E386CD15-DB3A-4CA4-9D40-5E05ACF2CE03}.Release|Any CPU.ActiveCfg = Release|Any CPU
		{E386CD15-DB3A-4CA4-9D40-5E05ACF2CE03}.Release|Any CPU.Build.0 = Release|Any CPU
		{775D6409-A0D2-4963-9684-8947DF10D7F9}.Debug|Any CPU.ActiveCfg = Debug|Any CPU
		{775D6409-A0D2-4963-9684-8947DF10D7F9}.Debug|Any CPU.Build.0 = Debug|Any CPU
		{775D6409-A0D2-4963-9684-8947DF10D7F9}.Release|Any CPU.ActiveCfg = Release|Any CPU
		{775D6409-A0D2-4963-9684-8947DF10D7F9}.Release|Any CPU.Build.0 = Release|Any CPU
		{A864E9E1-C222-4F2B-B6C2-18256DD7DADB}.Debug|Any CPU.ActiveCfg = Debug|Any CPU
		{A864E9E1-C222-4F2B-B6C2-18256DD7DADB}.Debug|Any CPU.Build.0 = Debug|Any CPU
		{A864E9E1-C222-4F2B-B6C2-18256DD7DADB}.Release|Any CPU.ActiveCfg = Release|Any CPU
		{A864E9E1-C222-4F2B-B6C2-18256DD7DADB}.Release|Any CPU.Build.0 = Release|Any CPU
		{D1A6D981-4288-4DDD-A891-4BC8EC3A5A22}.Debug|Any CPU.ActiveCfg = Debug|Any CPU
		{D1A6D981-4288-4DDD-A891-4BC8EC3A5A22}.Debug|Any CPU.Build.0 = Debug|Any CPU
		{D1A6D981-4288-4DDD-A891-4BC8EC3A5A22}.Release|Any CPU.ActiveCfg = Release|Any CPU
		{D1A6D981-4288-4DDD-A891-4BC8EC3A5A22}.Release|Any CPU.Build.0 = Release|Any CPU
		{0D24132B-6960-4F04-A59E-0700585A0394}.Debug|Any CPU.ActiveCfg = Debug|Any CPU
		{0D24132B-6960-4F04-A59E-0700585A0394}.Debug|Any CPU.Build.0 = Debug|Any CPU
		{0D24132B-6960-4F04-A59E-0700585A0394}.Release|Any CPU.ActiveCfg = Release|Any CPU
		{0D24132B-6960-4F04-A59E-0700585A0394}.Release|Any CPU.Build.0 = Release|Any CPU
		{2E8DE1DF-CB9E-4E40-B8EF-15A0C603C08E}.Debug|Any CPU.ActiveCfg = Debug|Any CPU
		{2E8DE1DF-CB9E-4E40-B8EF-15A0C603C08E}.Debug|Any CPU.Build.0 = Debug|Any CPU
		{2E8DE1DF-CB9E-4E40-B8EF-15A0C603C08E}.Release|Any CPU.ActiveCfg = Release|Any CPU
		{2E8DE1DF-CB9E-4E40-B8EF-15A0C603C08E}.Release|Any CPU.Build.0 = Release|Any CPU
		{7A0BAEB9-E5B9-4870-B6ED-02038F8B4990}.Debug|Any CPU.ActiveCfg = Debug|Any CPU
		{7A0BAEB9-E5B9-4870-B6ED-02038F8B4990}.Debug|Any CPU.Build.0 = Debug|Any CPU
		{7A0BAEB9-E5B9-4870-B6ED-02038F8B4990}.Release|Any CPU.ActiveCfg = Release|Any CPU
		{7A0BAEB9-E5B9-4870-B6ED-02038F8B4990}.Release|Any CPU.Build.0 = Release|Any CPU
		{F2ACF7C0-1E9B-4C38-AE9E-FC43817BE896}.Debug|Any CPU.ActiveCfg = Debug|Any CPU
		{F2ACF7C0-1E9B-4C38-AE9E-FC43817BE896}.Debug|Any CPU.Build.0 = Debug|Any CPU
		{F2ACF7C0-1E9B-4C38-AE9E-FC43817BE896}.Release|Any CPU.ActiveCfg = Release|Any CPU
		{F2ACF7C0-1E9B-4C38-AE9E-FC43817BE896}.Release|Any CPU.Build.0 = Release|Any CPU
		{4E2D0C61-00E2-4966-A2A9-7EE91C9B35EC}.Debug|Any CPU.ActiveCfg = Debug|Any CPU
		{4E2D0C61-00E2-4966-A2A9-7EE91C9B35EC}.Debug|Any CPU.Build.0 = Debug|Any CPU
		{4E2D0C61-00E2-4966-A2A9-7EE91C9B35EC}.Release|Any CPU.ActiveCfg = Release|Any CPU
		{4E2D0C61-00E2-4966-A2A9-7EE91C9B35EC}.Release|Any CPU.Build.0 = Release|Any CPU
		{19868BE6-5B7A-4A76-8706-D55FCB796E1D}.Debug|Any CPU.ActiveCfg = Debug|Any CPU
		{19868BE6-5B7A-4A76-8706-D55FCB796E1D}.Debug|Any CPU.Build.0 = Debug|Any CPU
		{19868BE6-5B7A-4A76-8706-D55FCB796E1D}.Release|Any CPU.ActiveCfg = Release|Any CPU
		{19868BE6-5B7A-4A76-8706-D55FCB796E1D}.Release|Any CPU.Build.0 = Release|Any CPU
		{0797B2BC-AF87-4D8C-AADC-9A9D48F5E1E3}.Debug|Any CPU.ActiveCfg = Debug|Any CPU
		{0797B2BC-AF87-4D8C-AADC-9A9D48F5E1E3}.Debug|Any CPU.Build.0 = Debug|Any CPU
		{0797B2BC-AF87-4D8C-AADC-9A9D48F5E1E3}.Release|Any CPU.ActiveCfg = Release|Any CPU
		{0797B2BC-AF87-4D8C-AADC-9A9D48F5E1E3}.Release|Any CPU.Build.0 = Release|Any CPU
		{6D20DD57-116F-42C6-AAD1-D3AB450153A3}.Debug|Any CPU.ActiveCfg = Debug|Any CPU
		{6D20DD57-116F-42C6-AAD1-D3AB450153A3}.Debug|Any CPU.Build.0 = Debug|Any CPU
		{6D20DD57-116F-42C6-AAD1-D3AB450153A3}.Release|Any CPU.ActiveCfg = Release|Any CPU
		{6D20DD57-116F-42C6-AAD1-D3AB450153A3}.Release|Any CPU.Build.0 = Release|Any CPU
		{91EB9ED2-B6E6-42BD-9CFA-B95252BF3B56}.Debug|Any CPU.ActiveCfg = Debug|Any CPU
		{91EB9ED2-B6E6-42BD-9CFA-B95252BF3B56}.Debug|Any CPU.Build.0 = Debug|Any CPU
		{91EB9ED2-B6E6-42BD-9CFA-B95252BF3B56}.Release|Any CPU.ActiveCfg = Release|Any CPU
		{91EB9ED2-B6E6-42BD-9CFA-B95252BF3B56}.Release|Any CPU.Build.0 = Release|Any CPU
		{97BD8449-5601-4F88-99B4-008668AF83C0}.Debug|Any CPU.ActiveCfg = Debug|Any CPU
		{97BD8449-5601-4F88-99B4-008668AF83C0}.Debug|Any CPU.Build.0 = Debug|Any CPU
		{97BD8449-5601-4F88-99B4-008668AF83C0}.Release|Any CPU.ActiveCfg = Release|Any CPU
		{97BD8449-5601-4F88-99B4-008668AF83C0}.Release|Any CPU.Build.0 = Release|Any CPU
		{E26ECD4F-2136-40CC-8ED3-AE0DABD3620E}.Debug|Any CPU.ActiveCfg = Debug|Any CPU
		{E26ECD4F-2136-40CC-8ED3-AE0DABD3620E}.Debug|Any CPU.Build.0 = Debug|Any CPU
		{E26ECD4F-2136-40CC-8ED3-AE0DABD3620E}.Release|Any CPU.ActiveCfg = Release|Any CPU
		{E26ECD4F-2136-40CC-8ED3-AE0DABD3620E}.Release|Any CPU.Build.0 = Release|Any CPU
		{91C89A8D-F622-4A96-BCE1-41128B18B370}.Debug|Any CPU.ActiveCfg = Debug|Any CPU
		{91C89A8D-F622-4A96-BCE1-41128B18B370}.Debug|Any CPU.Build.0 = Debug|Any CPU
		{91C89A8D-F622-4A96-BCE1-41128B18B370}.Release|Any CPU.ActiveCfg = Release|Any CPU
		{91C89A8D-F622-4A96-BCE1-41128B18B370}.Release|Any CPU.Build.0 = Release|Any CPU
		{25A1560C-7E27-46A9-9D3D-BC073782DE4A}.Debug|Any CPU.ActiveCfg = Debug|Any CPU
		{25A1560C-7E27-46A9-9D3D-BC073782DE4A}.Debug|Any CPU.Build.0 = Debug|Any CPU
		{25A1560C-7E27-46A9-9D3D-BC073782DE4A}.Release|Any CPU.ActiveCfg = Release|Any CPU
		{25A1560C-7E27-46A9-9D3D-BC073782DE4A}.Release|Any CPU.Build.0 = Release|Any CPU
		{38D38AC3-8F59-4584-BACF-95927BF61412}.Debug|Any CPU.ActiveCfg = Debug|Any CPU
		{38D38AC3-8F59-4584-BACF-95927BF61412}.Debug|Any CPU.Build.0 = Debug|Any CPU
		{38D38AC3-8F59-4584-BACF-95927BF61412}.Release|Any CPU.ActiveCfg = Release|Any CPU
		{38D38AC3-8F59-4584-BACF-95927BF61412}.Release|Any CPU.Build.0 = Release|Any CPU
		{5D4C4134-C68C-4334-80FD-6DB075838048}.Debug|Any CPU.ActiveCfg = Debug|Any CPU
		{5D4C4134-C68C-4334-80FD-6DB075838048}.Debug|Any CPU.Build.0 = Debug|Any CPU
		{5D4C4134-C68C-4334-80FD-6DB075838048}.Release|Any CPU.ActiveCfg = Release|Any CPU
		{5D4C4134-C68C-4334-80FD-6DB075838048}.Release|Any CPU.Build.0 = Release|Any CPU
		{ED472B9B-2454-46A7-805F-670D7ACD931D}.Debug|Any CPU.ActiveCfg = Debug|Any CPU
		{ED472B9B-2454-46A7-805F-670D7ACD931D}.Debug|Any CPU.Build.0 = Debug|Any CPU
		{ED472B9B-2454-46A7-805F-670D7ACD931D}.Release|Any CPU.ActiveCfg = Release|Any CPU
		{ED472B9B-2454-46A7-805F-670D7ACD931D}.Release|Any CPU.Build.0 = Release|Any CPU
		{47DA3355-9102-4A14-9740-B09B32A2B68B}.Debug|Any CPU.ActiveCfg = Debug|Any CPU
		{47DA3355-9102-4A14-9740-B09B32A2B68B}.Debug|Any CPU.Build.0 = Debug|Any CPU
		{47DA3355-9102-4A14-9740-B09B32A2B68B}.Release|Any CPU.ActiveCfg = Release|Any CPU
		{47DA3355-9102-4A14-9740-B09B32A2B68B}.Release|Any CPU.Build.0 = Release|Any CPU
		{45E25F1D-3C8D-41F9-B71B-F0D9EF88044B}.Debug|Any CPU.ActiveCfg = Debug|Any CPU
		{45E25F1D-3C8D-41F9-B71B-F0D9EF88044B}.Debug|Any CPU.Build.0 = Debug|Any CPU
		{45E25F1D-3C8D-41F9-B71B-F0D9EF88044B}.Release|Any CPU.ActiveCfg = Release|Any CPU
		{45E25F1D-3C8D-41F9-B71B-F0D9EF88044B}.Release|Any CPU.Build.0 = Release|Any CPU
		{A7C1D551-B6D9-4F7C-AD70-F80DECE69FC6}.Debug|Any CPU.ActiveCfg = Debug|Any CPU
		{A7C1D551-B6D9-4F7C-AD70-F80DECE69FC6}.Debug|Any CPU.Build.0 = Debug|Any CPU
		{A7C1D551-B6D9-4F7C-AD70-F80DECE69FC6}.Release|Any CPU.ActiveCfg = Release|Any CPU
		{A7C1D551-B6D9-4F7C-AD70-F80DECE69FC6}.Release|Any CPU.Build.0 = Release|Any CPU
		{A0480451-CDDB-43AA-81C5-9AAEA99F9CC9}.Debug|Any CPU.ActiveCfg = Debug|Any CPU
		{A0480451-CDDB-43AA-81C5-9AAEA99F9CC9}.Debug|Any CPU.Build.0 = Debug|Any CPU
		{A0480451-CDDB-43AA-81C5-9AAEA99F9CC9}.Release|Any CPU.ActiveCfg = Release|Any CPU
		{A0480451-CDDB-43AA-81C5-9AAEA99F9CC9}.Release|Any CPU.Build.0 = Release|Any CPU
		{CD276747-6BC0-4E61-9865-5DD8217EBF37}.Debug|Any CPU.ActiveCfg = Debug|Any CPU
		{CD276747-6BC0-4E61-9865-5DD8217EBF37}.Debug|Any CPU.Build.0 = Debug|Any CPU
		{CD276747-6BC0-4E61-9865-5DD8217EBF37}.Release|Any CPU.ActiveCfg = Release|Any CPU
		{CD276747-6BC0-4E61-9865-5DD8217EBF37}.Release|Any CPU.Build.0 = Release|Any CPU
		{4C8AAA5A-B39A-4A92-8F31-6C4377880270}.Debug|Any CPU.ActiveCfg = Debug|Any CPU
		{4C8AAA5A-B39A-4A92-8F31-6C4377880270}.Debug|Any CPU.Build.0 = Debug|Any CPU
		{4C8AAA5A-B39A-4A92-8F31-6C4377880270}.Release|Any CPU.ActiveCfg = Release|Any CPU
		{4C8AAA5A-B39A-4A92-8F31-6C4377880270}.Release|Any CPU.Build.0 = Release|Any CPU
		{5C3B8159-CA2F-4983-8247-70200EBAD41D}.Debug|Any CPU.ActiveCfg = Debug|Any CPU
		{5C3B8159-CA2F-4983-8247-70200EBAD41D}.Debug|Any CPU.Build.0 = Debug|Any CPU
		{5C3B8159-CA2F-4983-8247-70200EBAD41D}.Release|Any CPU.ActiveCfg = Release|Any CPU
		{5C3B8159-CA2F-4983-8247-70200EBAD41D}.Release|Any CPU.Build.0 = Release|Any CPU
		{11D7CD30-C0D1-4E6C-9B46-2C91A8DB3E36}.Debug|Any CPU.ActiveCfg = Debug|Any CPU
		{11D7CD30-C0D1-4E6C-9B46-2C91A8DB3E36}.Debug|Any CPU.Build.0 = Debug|Any CPU
		{11D7CD30-C0D1-4E6C-9B46-2C91A8DB3E36}.Release|Any CPU.ActiveCfg = Release|Any CPU
		{11D7CD30-C0D1-4E6C-9B46-2C91A8DB3E36}.Release|Any CPU.Build.0 = Release|Any CPU
		{D98AF73A-B775-4758-A61D-BDBC841DEF61}.Debug|Any CPU.ActiveCfg = Debug|Any CPU
		{D98AF73A-B775-4758-A61D-BDBC841DEF61}.Debug|Any CPU.Build.0 = Debug|Any CPU
		{D98AF73A-B775-4758-A61D-BDBC841DEF61}.Release|Any CPU.ActiveCfg = Release|Any CPU
		{D98AF73A-B775-4758-A61D-BDBC841DEF61}.Release|Any CPU.Build.0 = Release|Any CPU
		{0A07F9D4-3515-4416-94A6-7D03A64514F6}.Debug|Any CPU.ActiveCfg = Debug|Any CPU
		{0A07F9D4-3515-4416-94A6-7D03A64514F6}.Debug|Any CPU.Build.0 = Debug|Any CPU
		{0A07F9D4-3515-4416-94A6-7D03A64514F6}.Release|Any CPU.ActiveCfg = Release|Any CPU
		{0A07F9D4-3515-4416-94A6-7D03A64514F6}.Release|Any CPU.Build.0 = Release|Any CPU
		{FA30B3A5-BFD3-4D3C-B27C-5B0544B212FB}.Debug|Any CPU.ActiveCfg = Debug|Any CPU
		{FA30B3A5-BFD3-4D3C-B27C-5B0544B212FB}.Debug|Any CPU.Build.0 = Debug|Any CPU
		{FA30B3A5-BFD3-4D3C-B27C-5B0544B212FB}.Release|Any CPU.ActiveCfg = Release|Any CPU
		{FA30B3A5-BFD3-4D3C-B27C-5B0544B212FB}.Release|Any CPU.Build.0 = Release|Any CPU
		{B4A8DDCA-6443-48D0-B0F3-066D665D13D3}.Debug|Any CPU.ActiveCfg = Debug|Any CPU
		{B4A8DDCA-6443-48D0-B0F3-066D665D13D3}.Debug|Any CPU.Build.0 = Debug|Any CPU
		{B4A8DDCA-6443-48D0-B0F3-066D665D13D3}.Release|Any CPU.ActiveCfg = Release|Any CPU
		{B4A8DDCA-6443-48D0-B0F3-066D665D13D3}.Release|Any CPU.Build.0 = Release|Any CPU
		{60E96DEB-501C-48DF-B52E-94F73C41CCE5}.Debug|Any CPU.ActiveCfg = Debug|Any CPU
		{60E96DEB-501C-48DF-B52E-94F73C41CCE5}.Debug|Any CPU.Build.0 = Debug|Any CPU
		{60E96DEB-501C-48DF-B52E-94F73C41CCE5}.Release|Any CPU.ActiveCfg = Release|Any CPU
		{60E96DEB-501C-48DF-B52E-94F73C41CCE5}.Release|Any CPU.Build.0 = Release|Any CPU
		{A6514BC5-AEFD-4592-8722-6DF65F1BC333}.Debug|Any CPU.ActiveCfg = Debug|Any CPU
		{A6514BC5-AEFD-4592-8722-6DF65F1BC333}.Debug|Any CPU.Build.0 = Debug|Any CPU
		{A6514BC5-AEFD-4592-8722-6DF65F1BC333}.Release|Any CPU.ActiveCfg = Release|Any CPU
		{A6514BC5-AEFD-4592-8722-6DF65F1BC333}.Release|Any CPU.Build.0 = Release|Any CPU
		{B98552EC-70C4-4141-90EE-AF3F453306E4}.Debug|Any CPU.ActiveCfg = Debug|Any CPU
		{B98552EC-70C4-4141-90EE-AF3F453306E4}.Debug|Any CPU.Build.0 = Debug|Any CPU
		{B98552EC-70C4-4141-90EE-AF3F453306E4}.Release|Any CPU.ActiveCfg = Release|Any CPU
		{B98552EC-70C4-4141-90EE-AF3F453306E4}.Release|Any CPU.Build.0 = Release|Any CPU
		{FE834E2C-8D69-4E7F-93F1-879C5BD9DFDF}.Debug|Any CPU.ActiveCfg = Debug|Any CPU
		{FE834E2C-8D69-4E7F-93F1-879C5BD9DFDF}.Debug|Any CPU.Build.0 = Debug|Any CPU
		{FE834E2C-8D69-4E7F-93F1-879C5BD9DFDF}.Release|Any CPU.ActiveCfg = Release|Any CPU
		{FE834E2C-8D69-4E7F-93F1-879C5BD9DFDF}.Release|Any CPU.Build.0 = Release|Any CPU
		{7261C834-DD53-4269-AD39-A8E597965C82}.Debug|Any CPU.ActiveCfg = Debug|Any CPU
		{7261C834-DD53-4269-AD39-A8E597965C82}.Debug|Any CPU.Build.0 = Debug|Any CPU
		{7261C834-DD53-4269-AD39-A8E597965C82}.Release|Any CPU.ActiveCfg = Release|Any CPU
		{7261C834-DD53-4269-AD39-A8E597965C82}.Release|Any CPU.Build.0 = Release|Any CPU
		{ACC48702-29E4-404D-9DC2-9DD41EBEC4B6}.Debug|Any CPU.ActiveCfg = Debug|Any CPU
		{ACC48702-29E4-404D-9DC2-9DD41EBEC4B6}.Debug|Any CPU.Build.0 = Debug|Any CPU
		{ACC48702-29E4-404D-9DC2-9DD41EBEC4B6}.Release|Any CPU.ActiveCfg = Release|Any CPU
		{ACC48702-29E4-404D-9DC2-9DD41EBEC4B6}.Release|Any CPU.Build.0 = Release|Any CPU
		{FE9712C8-7D1E-4B23-99A5-4BDD682E2A4E}.Debug|Any CPU.ActiveCfg = Debug|Any CPU
		{FE9712C8-7D1E-4B23-99A5-4BDD682E2A4E}.Debug|Any CPU.Build.0 = Debug|Any CPU
		{FE9712C8-7D1E-4B23-99A5-4BDD682E2A4E}.Release|Any CPU.ActiveCfg = Release|Any CPU
		{FE9712C8-7D1E-4B23-99A5-4BDD682E2A4E}.Release|Any CPU.Build.0 = Release|Any CPU
		{AE979288-F2A9-4B6E-8473-29BEDCD32941}.Debug|Any CPU.ActiveCfg = Debug|Any CPU
		{AE979288-F2A9-4B6E-8473-29BEDCD32941}.Debug|Any CPU.Build.0 = Debug|Any CPU
		{AE979288-F2A9-4B6E-8473-29BEDCD32941}.Release|Any CPU.ActiveCfg = Release|Any CPU
		{AE979288-F2A9-4B6E-8473-29BEDCD32941}.Release|Any CPU.Build.0 = Release|Any CPU
		{32E8F44A-AD06-4B3C-B544-34D7A93ECAC9}.Debug|Any CPU.ActiveCfg = Debug|Any CPU
		{32E8F44A-AD06-4B3C-B544-34D7A93ECAC9}.Debug|Any CPU.Build.0 = Debug|Any CPU
		{32E8F44A-AD06-4B3C-B544-34D7A93ECAC9}.Release|Any CPU.ActiveCfg = Release|Any CPU
		{32E8F44A-AD06-4B3C-B544-34D7A93ECAC9}.Release|Any CPU.Build.0 = Release|Any CPU
		{5B4F6F54-5221-42C9-B459-4700902C775F}.Debug|Any CPU.ActiveCfg = Debug|Any CPU
		{5B4F6F54-5221-42C9-B459-4700902C775F}.Debug|Any CPU.Build.0 = Debug|Any CPU
		{5B4F6F54-5221-42C9-B459-4700902C775F}.Release|Any CPU.ActiveCfg = Release|Any CPU
		{5B4F6F54-5221-42C9-B459-4700902C775F}.Release|Any CPU.Build.0 = Release|Any CPU
		{6C712A9F-B4D4-439E-B3C5-C1A694265A82}.Debug|Any CPU.ActiveCfg = Debug|Any CPU
		{6C712A9F-B4D4-439E-B3C5-C1A694265A82}.Debug|Any CPU.Build.0 = Debug|Any CPU
		{6C712A9F-B4D4-439E-B3C5-C1A694265A82}.Release|Any CPU.ActiveCfg = Release|Any CPU
		{6C712A9F-B4D4-439E-B3C5-C1A694265A82}.Release|Any CPU.Build.0 = Release|Any CPU
		{55C26973-199E-4DEE-BCE3-A22D0B21A575}.Debug|Any CPU.ActiveCfg = Debug|Any CPU
		{55C26973-199E-4DEE-BCE3-A22D0B21A575}.Debug|Any CPU.Build.0 = Debug|Any CPU
		{55C26973-199E-4DEE-BCE3-A22D0B21A575}.Release|Any CPU.ActiveCfg = Release|Any CPU
		{55C26973-199E-4DEE-BCE3-A22D0B21A575}.Release|Any CPU.Build.0 = Release|Any CPU
		{8F80B304-888E-430D-9F83-283AB00942DF}.Debug|Any CPU.ActiveCfg = Debug|Any CPU
		{8F80B304-888E-430D-9F83-283AB00942DF}.Debug|Any CPU.Build.0 = Debug|Any CPU
		{8F80B304-888E-430D-9F83-283AB00942DF}.Release|Any CPU.ActiveCfg = Release|Any CPU
		{8F80B304-888E-430D-9F83-283AB00942DF}.Release|Any CPU.Build.0 = Release|Any CPU
	EndGlobalSection
	GlobalSection(SolutionProperties) = preSolution
		HideSolutionNode = FALSE
	EndGlobalSection
	GlobalSection(NestedProjects) = preSolution
		{5A99C4C9-2FF8-494D-A0F9-B51192561577} = {F772CDD8-D4FF-427E-9C22-BCCE4ED3BD88}
		{355F3FC5-A57D-46D6-B6F2-99B15A53AAE7} = {F772CDD8-D4FF-427E-9C22-BCCE4ED3BD88}
		{740198AE-F110-4D7A-9CB6-440C690A6721} = {355F3FC5-A57D-46D6-B6F2-99B15A53AAE7}
		{45E804C7-E35E-4F6E-A9EB-E3E88ACD82E3} = {355F3FC5-A57D-46D6-B6F2-99B15A53AAE7}
		{19E8AF6E-7667-49F0-9C59-6E7C798F36B0} = {740198AE-F110-4D7A-9CB6-440C690A6721}
		{3049A7AC-1F81-4414-9BB6-3B0283517F71} = {740198AE-F110-4D7A-9CB6-440C690A6721}
		{95E22DE6-0ACA-4B66-99AB-0657C806E252} = {5A99C4C9-2FF8-494D-A0F9-B51192561577}
		{CB1BD61C-FCAD-42E3-AFFF-FDC8DEF2D937} = {740198AE-F110-4D7A-9CB6-440C690A6721}
		{E474A33B-71A4-4607-B5E6-C2B1EEC6EFC4} = {740198AE-F110-4D7A-9CB6-440C690A6721}
		{6EA05953-EDBA-4C45-87F1-DC09BABC02A2} = {355F3FC5-A57D-46D6-B6F2-99B15A53AAE7}
		{C5BB6562-927C-45AC-B833-BB42732C641D} = {355F3FC5-A57D-46D6-B6F2-99B15A53AAE7}
		{7A07FF50-D1E2-426B-A189-1B07D62C7FC3} = {5A306BE9-7B0C-47DA-BD12-C29B88DF6C00}
		{A622441B-1F05-4D99-AD16-ADEF22A3EFC1} = {5A306BE9-7B0C-47DA-BD12-C29B88DF6C00}
		{1D1EFF38-866C-4562-9CD6-0BEAB3D641D0} = {5A99C4C9-2FF8-494D-A0F9-B51192561577}
		{5A7D4C7E-BBC0-49B4-9E7B-FD9E69789F3F} = {3C76A3F1-2F34-4A93-973E-49EBB56BA29F}
		{1504E48F-FBDE-45C7-A321-A3A73FAA6DC6} = {70B0C9D8-D1C4-41FF-BBF4-947024A278BF}
		{E386CD15-DB3A-4CA4-9D40-5E05ACF2CE03} = {70B0C9D8-D1C4-41FF-BBF4-947024A278BF}
		{775D6409-A0D2-4963-9684-8947DF10D7F9} = {25B69501-2486-4572-AF7A-32FD0231744F}
		{A864E9E1-C222-4F2B-B6C2-18256DD7DADB} = {25B69501-2486-4572-AF7A-32FD0231744F}
		{D1A6D981-4288-4DDD-A891-4BC8EC3A5A22} = {355F3FC5-A57D-46D6-B6F2-99B15A53AAE7}
		{0D24132B-6960-4F04-A59E-0700585A0394} = {5A306BE9-7B0C-47DA-BD12-C29B88DF6C00}
		{2E8DE1DF-CB9E-4E40-B8EF-15A0C603C08E} = {5A99C4C9-2FF8-494D-A0F9-B51192561577}
		{7A0BAEB9-E5B9-4870-B6ED-02038F8B4990} = {740198AE-F110-4D7A-9CB6-440C690A6721}
		{F2ACF7C0-1E9B-4C38-AE9E-FC43817BE896} = {740198AE-F110-4D7A-9CB6-440C690A6721}
		{4E2D0C61-00E2-4966-A2A9-7EE91C9B35EC} = {70B0C9D8-D1C4-41FF-BBF4-947024A278BF}
		{19868BE6-5B7A-4A76-8706-D55FCB796E1D} = {25B69501-2486-4572-AF7A-32FD0231744F}
		{0797B2BC-AF87-4D8C-AADC-9A9D48F5E1E3} = {25B69501-2486-4572-AF7A-32FD0231744F}
		{6D20DD57-116F-42C6-AAD1-D3AB450153A3} = {25B69501-2486-4572-AF7A-32FD0231744F}
		{91EB9ED2-B6E6-42BD-9CFA-B95252BF3B56} = {5A306BE9-7B0C-47DA-BD12-C29B88DF6C00}
		{97BD8449-5601-4F88-99B4-008668AF83C0} = {740198AE-F110-4D7A-9CB6-440C690A6721}
		{E26ECD4F-2136-40CC-8ED3-AE0DABD3620E} = {740198AE-F110-4D7A-9CB6-440C690A6721}
		{91C89A8D-F622-4A96-BCE1-41128B18B370} = {5A99C4C9-2FF8-494D-A0F9-B51192561577}
		{25A1560C-7E27-46A9-9D3D-BC073782DE4A} = {70B0C9D8-D1C4-41FF-BBF4-947024A278BF}
		{38D38AC3-8F59-4584-BACF-95927BF61412} = {25B69501-2486-4572-AF7A-32FD0231744F}
		{5D4C4134-C68C-4334-80FD-6DB075838048} = {5A306BE9-7B0C-47DA-BD12-C29B88DF6C00}
		{ED472B9B-2454-46A7-805F-670D7ACD931D} = {5A99C4C9-2FF8-494D-A0F9-B51192561577}
		{47DA3355-9102-4A14-9740-B09B32A2B68B} = {740198AE-F110-4D7A-9CB6-440C690A6721}
		{45E25F1D-3C8D-41F9-B71B-F0D9EF88044B} = {740198AE-F110-4D7A-9CB6-440C690A6721}
		{A7C1D551-B6D9-4F7C-AD70-F80DECE69FC6} = {70B0C9D8-D1C4-41FF-BBF4-947024A278BF}
		{A0480451-CDDB-43AA-81C5-9AAEA99F9CC9} = {25B69501-2486-4572-AF7A-32FD0231744F}
		{CD276747-6BC0-4E61-9865-5DD8217EBF37} = {70B0C9D8-D1C4-41FF-BBF4-947024A278BF}
		{4C8AAA5A-B39A-4A92-8F31-6C4377880270} = {5A306BE9-7B0C-47DA-BD12-C29B88DF6C00}
		{5C3B8159-CA2F-4983-8247-70200EBAD41D} = {5A99C4C9-2FF8-494D-A0F9-B51192561577}
		{11D7CD30-C0D1-4E6C-9B46-2C91A8DB3E36} = {740198AE-F110-4D7A-9CB6-440C690A6721}
		{D98AF73A-B775-4758-A61D-BDBC841DEF61} = {740198AE-F110-4D7A-9CB6-440C690A6721}
		{0A07F9D4-3515-4416-94A6-7D03A64514F6} = {25B69501-2486-4572-AF7A-32FD0231744F}
		{FA30B3A5-BFD3-4D3C-B27C-5B0544B212FB} = {5A306BE9-7B0C-47DA-BD12-C29B88DF6C00}
		{B4A8DDCA-6443-48D0-B0F3-066D665D13D3} = {5A99C4C9-2FF8-494D-A0F9-B51192561577}
		{60E96DEB-501C-48DF-B52E-94F73C41CCE5} = {25B69501-2486-4572-AF7A-32FD0231744F}
		{A6514BC5-AEFD-4592-8722-6DF65F1BC333} = {740198AE-F110-4D7A-9CB6-440C690A6721}
		{B98552EC-70C4-4141-90EE-AF3F453306E4} = {740198AE-F110-4D7A-9CB6-440C690A6721}
		{FE834E2C-8D69-4E7F-93F1-879C5BD9DFDF} = {70B0C9D8-D1C4-41FF-BBF4-947024A278BF}
		{7261C834-DD53-4269-AD39-A8E597965C82} = {5A306BE9-7B0C-47DA-BD12-C29B88DF6C00}
		{ACC48702-29E4-404D-9DC2-9DD41EBEC4B6} = {5A99C4C9-2FF8-494D-A0F9-B51192561577}
		{FE9712C8-7D1E-4B23-99A5-4BDD682E2A4E} = {70B0C9D8-D1C4-41FF-BBF4-947024A278BF}
		{AE979288-F2A9-4B6E-8473-29BEDCD32941} = {25B69501-2486-4572-AF7A-32FD0231744F}
		{32E8F44A-AD06-4B3C-B544-34D7A93ECAC9} = {740198AE-F110-4D7A-9CB6-440C690A6721}
		{5B4F6F54-5221-42C9-B459-4700902C775F} = {740198AE-F110-4D7A-9CB6-440C690A6721}
		{6C712A9F-B4D4-439E-B3C5-C1A694265A82} = {5A306BE9-7B0C-47DA-BD12-C29B88DF6C00}
		{55C26973-199E-4DEE-BCE3-A22D0B21A575} = {5A99C4C9-2FF8-494D-A0F9-B51192561577}
		{8F80B304-888E-430D-9F83-283AB00942DF} = {25B69501-2486-4572-AF7A-32FD0231744F}
	EndGlobalSection
	GlobalSection(TeamFoundationVersionControl) = preSolution
		SccNumberOfProjects = 59
		SccEnterpriseProvider = {4CA58AB2-18FA-4F8D-95D4-32DDF27D184C}
		SccTeamFoundationServer = https://leonelleo.visualstudio.com/
		SccLocalPath0 = .
		SccProjectUniqueName1 = LVSA.Base.Domain\\LVSA.Base.Domain.csproj
		SccProjectTopLevelParentUniqueName1 = LVSA.Corporativo.sln
		SccProjectName1 = LVSA.Base.Domain
		SccLocalPath1 = LVSA.Base.Domain
		SccProjectUniqueName2 = LVSA.Base.Infrastructure.Data\\LVSA.Base.Infrastructure.Data.csproj
		SccProjectTopLevelParentUniqueName2 = LVSA.Corporativo.sln
		SccProjectName2 = LVSA.Base.Infrastructure.Data
		SccLocalPath2 = LVSA.Base.Infrastructure.Data
		SccProjectUniqueName3 = LVSA.Security.Infrastructure.CrossCutting.Identity\\LVSA.Security.Infrastructure.CrossCutting.Identity.csproj
		SccProjectTopLevelParentUniqueName3 = LVSA.Corporativo.sln
		SccProjectName3 = LVSA.Security.Infrastructure.CrossCutting.Identity
		SccLocalPath3 = LVSA.Security.Infrastructure.CrossCutting.Identity
		SccProjectUniqueName4 = LVSA.Base.Application\\LVSA.Base.Application.csproj
		SccProjectTopLevelParentUniqueName4 = LVSA.Corporativo.sln
		SccProjectName4 = LVSA.Base.Application
		SccLocalPath4 = LVSA.Base.Application
		SccProjectUniqueName5 = LVSA.Security.Domain\\LVSA.Security.Domain.csproj
		SccProjectTopLevelParentUniqueName5 = LVSA.Corporativo.sln
		SccProjectName5 = LVSA.Security.Domain
		SccLocalPath5 = LVSA.Security.Domain
		SccProjectUniqueName6 = LVSA.Security.Application\\LVSA.Security.Application.csproj
		SccProjectTopLevelParentUniqueName6 = LVSA.Corporativo.sln
		SccProjectName6 = LVSA.Security.Application
		SccLocalPath6 = LVSA.Security.Application
		SccProjectUniqueName7 = LVSA.Security.Infrastructure.CrossCutting.IoC.Application\\LVSA.Security.Infrastructure.CrossCutting.IoC.Application.csproj
		SccProjectTopLevelParentUniqueName7 = LVSA.Corporativo.sln
		SccProjectName7 = LVSA.Security.Infrastructure.CrossCutting.IoC.Application
		SccLocalPath7 = LVSA.Security.Infrastructure.CrossCutting.IoC.Application
		SccProjectUniqueName8 = LVSA.Security.Infrastructure.Data\\LVSA.Security.Infrastructure.Data.csproj
		SccProjectTopLevelParentUniqueName8 = LVSA.Corporativo.sln
		SccProjectName8 = LVSA.Security.Infrastructure.Data
		SccLocalPath8 = LVSA.Security.Infrastructure.Data
		SccProjectUniqueName9 = LVSA.Security.Infrastructure.CrossCutting.IoC.Domain\\LVSA.Security.Infrastructure.CrossCutting.IoC.Domain.csproj
		SccProjectTopLevelParentUniqueName9 = LVSA.Corporativo.sln
		SccProjectName9 = LVSA.Security.Infrastructure.CrossCutting.IoC.Domain
		SccLocalPath9 = LVSA.Security.Infrastructure.CrossCutting.IoC.Domain
		SccProjectUniqueName10 = LVSA.Base.Infrastructure.CrossCutting.IoC.Application\\LVSA.Base.Infrastructure.CrossCutting.IoC.Application.csproj
		SccProjectTopLevelParentUniqueName10 = LVSA.Corporativo.sln
		SccProjectName10 = LVSA.Base.Infrastructure.CrossCutting.IoC.Application
		SccLocalPath10 = LVSA.Base.Infrastructure.CrossCutting.IoC.Application
		SccProjectUniqueName11 = LVSA.Base.Infrastructure.CrossCutting.IoC.Domain\\LVSA.Base.Infrastructure.CrossCutting.IoC.Domain.csproj
		SccProjectTopLevelParentUniqueName11 = LVSA.Corporativo.sln
		SccProjectName11 = LVSA.Base.Infrastructure.CrossCutting.IoC.Domain
		SccLocalPath11 = LVSA.Base.Infrastructure.CrossCutting.IoC.Domain
		SccProjectUniqueName12 = LVSA.Base.Infrastructure.CrossCutting.REST\\LVSA.Base.Infrastructure.CrossCutting.REST.csproj
		SccProjectTopLevelParentUniqueName12 = LVSA.Corporativo.sln
		SccProjectName12 = LVSA.Base.Infrastructure.CrossCutting.REST
		SccLocalPath12 = LVSA.Base.Infrastructure.CrossCutting.REST
		SccProjectUniqueName13 = LVSA.Base.Infrastructure.CrossCutting.Utility\\LVSA.Base.Infrastructure.CrossCutting.Utility.csproj
		SccProjectTopLevelParentUniqueName13 = LVSA.Corporativo.sln
		SccProjectName13 = LVSA.Base.Infrastructure.CrossCutting.Utility
		SccLocalPath13 = LVSA.Base.Infrastructure.CrossCutting.Utility
		SccProjectUniqueName14 = LVSA.Noticia.Domain\\LVSA.Noticia.Domain.csproj
		SccProjectTopLevelParentUniqueName14 = LVSA.Corporativo.sln
		SccProjectName14 = LVSA.Noticia.Domain
		SccLocalPath14 = LVSA.Noticia.Domain
		SccProjectUniqueName15 = LVSA.Noticia.Application\\LVSA.Noticia.Application.csproj
		SccProjectTopLevelParentUniqueName15 = LVSA.Corporativo.sln
		SccProjectName15 = LVSA.Noticia.Application
		SccLocalPath15 = LVSA.Noticia.Application
		SccProjectUniqueName16 = LVSA.Noticia.Infrastructure.CrossCutting.IoC.Application\\LVSA.Noticia.Infrastructure.CrossCutting.IoC.Application.csproj
		SccProjectTopLevelParentUniqueName16 = LVSA.Corporativo.sln
		SccProjectName16 = LVSA.Noticia.Infrastructure.CrossCutting.IoC.Application
		SccLocalPath16 = LVSA.Noticia.Infrastructure.CrossCutting.IoC.Application
		SccProjectUniqueName17 = LVSA.Noticia.Infrastructure.Data\\LVSA.Noticia.Infrastructure.Data.csproj
		SccProjectTopLevelParentUniqueName17 = LVSA.Corporativo.sln
		SccProjectName17 = LVSA.Noticia.Infrastructure.Data
		SccLocalPath17 = LVSA.Noticia.Infrastructure.Data
		SccProjectUniqueName18 = LVSA.Noticia.Infrastructure.CrossCutting.IoC.Domain\\LVSA.Noticia.Infrastructure.CrossCutting.IoC.Domain.csproj
		SccProjectTopLevelParentUniqueName18 = LVSA.Corporativo.sln
		SccProjectName18 = LVSA.Noticia.Infrastructure.CrossCutting.IoC.Domain
		SccLocalPath18 = LVSA.Noticia.Infrastructure.CrossCutting.IoC.Domain
		SccProjectUniqueName19 = LVSA.Security.Service\\LVSA.Security.Service.csproj
		SccProjectTopLevelParentUniqueName19 = LVSA.Corporativo.sln
		SccProjectName19 = LVSA.Security.Service
		SccLocalPath19 = LVSA.Security.Service
		SccProjectUniqueName20 = LVSA.Base.Presentation\\LVSA.Base.Presentation.csproj
		SccProjectTopLevelParentUniqueName20 = LVSA.Corporativo.sln
		SccProjectName20 = LVSA.Base.Presentation
		SccLocalPath20 = LVSA.Base.Presentation
		SccProjectUniqueName21 = LVSA.Base.Infrastructure.CrossCutting.Roslyn\\LVSA.Base.Infrastructure.CrossCutting.Roslyn.csproj
		SccProjectTopLevelParentUniqueName21 = LVSA.Corporativo.sln
		SccProjectName21 = LVSA.Base.Infrastructure.CrossCutting.Roslyn
		SccLocalPath21 = LVSA.Base.Infrastructure.CrossCutting.Roslyn
		SccProjectUniqueName22 = LVSA.Noticia.Presentation\\LVSA.Noticia.Presentation.csproj
		SccProjectTopLevelParentUniqueName22 = LVSA.Corporativo.sln
		SccProjectName22 = LVSA.Noticia.Presentation
		SccLocalPath22 = LVSA.Noticia.Presentation
		SccProjectUniqueName23 = LVSA.Security.Presentation\\LVSA.Security.Presentation.csproj
		SccProjectTopLevelParentUniqueName23 = LVSA.Corporativo.sln
		SccProjectName23 = LVSA.Security.Presentation
		SccLocalPath23 = LVSA.Security.Presentation
		SccProjectUniqueName24 = LVSA.CDN.Presentation\\LVSA.CDN.Presentation.csproj
		SccProjectTopLevelParentUniqueName24 = LVSA.Corporativo.sln
		SccProjectName24 = LVSA.CDN.Presentation
		SccLocalPath24 = LVSA.CDN.Presentation
		SccProjectUniqueName25 = LVSA.Gerenciador.Presentation\\LVSA.Gerenciador.Presentation.csproj
		SccProjectTopLevelParentUniqueName25 = LVSA.Corporativo.sln
		SccProjectName25 = LVSA.Gerenciador.Presentation
		SccLocalPath25 = LVSA.Gerenciador.Presentation
		SccProjectUniqueName26 = LVSA.Global.Domain\\LVSA.Global.Domain.csproj
		SccProjectTopLevelParentUniqueName26 = LVSA.Corporativo.sln
		SccProjectName26 = LVSA.Global.Domain
		SccLocalPath26 = LVSA.Global.Domain
		SccProjectUniqueName27 = LVSA.Global.Application\\LVSA.Global.Application.csproj
		SccProjectTopLevelParentUniqueName27 = LVSA.Corporativo.sln
		SccProjectName27 = LVSA.Global.Application
		SccLocalPath27 = LVSA.Global.Application
		SccProjectUniqueName28 = LVSA.Global.Infrastructure.CrossCutting.IoC.Application\\LVSA.Global.Infrastructure.CrossCutting.IoC.Application.csproj
		SccProjectTopLevelParentUniqueName28 = LVSA.Corporativo.sln
		SccProjectName28 = LVSA.Global.Infrastructure.CrossCutting.IoC.Application
		SccLocalPath28 = LVSA.Global.Infrastructure.CrossCutting.IoC.Application
		SccProjectUniqueName29 = LVSA.Global.Infrastructure.Data\\LVSA.Global.Infrastructure.Data.csproj
		SccProjectTopLevelParentUniqueName29 = LVSA.Corporativo.sln
		SccProjectName29 = LVSA.Global.Infrastructure.Data
		SccLocalPath29 = LVSA.Global.Infrastructure.Data
		SccProjectUniqueName30 = LVSA.Global.Infrastructure.CrossCutting.IoC.Domain\\LVSA.Global.Infrastructure.CrossCutting.IoC.Domain.csproj
		SccProjectTopLevelParentUniqueName30 = LVSA.Corporativo.sln
		SccProjectName30 = LVSA.Global.Infrastructure.CrossCutting.IoC.Domain
		SccLocalPath30 = LVSA.Global.Infrastructure.CrossCutting.IoC.Domain
		SccProjectUniqueName31 = LVSA.Global.Presentation\\LVSA.Global.Presentation.csproj
		SccProjectTopLevelParentUniqueName31 = LVSA.Corporativo.sln
		SccProjectName31 = LVSA.Global.Presentation
		SccLocalPath31 = LVSA.Global.Presentation
		SccProjectUniqueName32 = LVSA.Housing.Domain\\LVSA.Housing.Domain.csproj
		SccProjectTopLevelParentUniqueName32 = LVSA.Corporativo.sln
		SccProjectName32 = LVSA.Housing.Domain
		SccLocalPath32 = LVSA.Housing.Domain
		SccProjectUniqueName33 = LVSA.Housing.Infrastructure.Data\\LVSA.Housing.Infrastructure.Data.csproj
		SccProjectTopLevelParentUniqueName33 = LVSA.Corporativo.sln
		SccProjectName33 = LVSA.Housing.Infrastructure.Data
		SccLocalPath33 = LVSA.Housing.Infrastructure.Data
		SccProjectUniqueName34 = LVSA.Housing.Application\\LVSA.Housing.Application.csproj
		SccProjectTopLevelParentUniqueName34 = LVSA.Corporativo.sln
		SccProjectName34 = LVSA.Housing.Application
		SccLocalPath34 = LVSA.Housing.Application
		SccProjectUniqueName35 = LVSA.Housing.Infrastructure.CrossCutting.IoC.Application\\LVSA.Housing.Infrastructure.CrossCutting.IoC.Application.csproj
		SccProjectTopLevelParentUniqueName35 = LVSA.Corporativo.sln
		SccProjectName35 = LVSA.Housing.Infrastructure.CrossCutting.IoC.Application
		SccLocalPath35 = LVSA.Housing.Infrastructure.CrossCutting.IoC.Application
		SccProjectUniqueName36 = LVSA.Housing.Infrastructure.CrossCutting.IoC.Domain\\LVSA.Housing.Infrastructure.CrossCutting.IoC.Domain.csproj
		SccProjectTopLevelParentUniqueName36 = LVSA.Corporativo.sln
		SccProjectName36 = LVSA.Housing.Infrastructure.CrossCutting.IoC.Domain
		SccLocalPath36 = LVSA.Housing.Infrastructure.CrossCutting.IoC.Domain
		SccProjectUniqueName37 = LVSA.Financial.Domain\\LVSA.Financial.Domain.csproj
		SccProjectTopLevelParentUniqueName37 = LVSA.Corporativo.sln
		SccProjectName37 = LVSA.Financial.Domain
		SccLocalPath37 = LVSA.Financial.Domain
		SccProjectUniqueName38 = LVSA.Financial.Application\\LVSA.Financial.Application.csproj
		SccProjectTopLevelParentUniqueName38 = LVSA.Corporativo.sln
		SccProjectName38 = LVSA.Financial.Application
		SccLocalPath38 = LVSA.Financial.Application
		SccProjectUniqueName39 = LVSA.Financial.Infrastructure.CrossCutting.IoC.Application\\LVSA.Financial.Infrastructure.CrossCutting.IoC.Application.csproj
		SccProjectTopLevelParentUniqueName39 = LVSA.Corporativo.sln
		SccProjectName39 = LVSA.Financial.Infrastructure.CrossCutting.IoC.Application
		SccLocalPath39 = LVSA.Financial.Infrastructure.CrossCutting.IoC.Application
		SccProjectUniqueName40 = LVSA.Financial.Infrastructure.Data\\LVSA.Financial.Infrastructure.Data.csproj
		SccProjectTopLevelParentUniqueName40 = LVSA.Corporativo.sln
		SccProjectName40 = LVSA.Financial.Infrastructure.Data
		SccLocalPath40 = LVSA.Financial.Infrastructure.Data
		SccProjectUniqueName41 = LVSA.Financial.Infrastructure.CrossCutting.IoC.Domain\\LVSA.Financial.Infrastructure.CrossCutting.IoC.Domain.csproj
		SccProjectTopLevelParentUniqueName41 = LVSA.Corporativo.sln
		SccProjectName41 = LVSA.Financial.Infrastructure.CrossCutting.IoC.Domain
		SccLocalPath41 = LVSA.Financial.Infrastructure.CrossCutting.IoC.Domain
		SccProjectUniqueName42 = LVSA.Housing.Presentation\\LVSA.Housing.Presentation.csproj
		SccProjectTopLevelParentUniqueName42 = LVSA.Corporativo.sln
		SccProjectName42 = LVSA.Housing.Presentation
		SccLocalPath42 = LVSA.Housing.Presentation
		SccProjectUniqueName43 = LVSA.Financial.Presentation\\LVSA.Financial.Presentation.csproj
		SccProjectTopLevelParentUniqueName43 = LVSA.Corporativo.sln
		SccProjectName43 = LVSA.Financial.Presentation
		SccLocalPath43 = LVSA.Financial.Presentation
		SccProjectUniqueName44 = LVSA.Report.Domain\\LVSA.Report.Domain.csproj
		SccProjectTopLevelParentUniqueName44 = LVSA.Corporativo.sln
		SccProjectName44 = LVSA.Report.Domain
		SccLocalPath44 = LVSA.Report.Domain
		SccProjectUniqueName45 = LVSA.Report.Infrastructure.Data\\LVSA.Report.Infrastructure.Data.csproj
		SccProjectTopLevelParentUniqueName45 = LVSA.Corporativo.sln
		SccProjectName45 = LVSA.Report.Infrastructure.Data
		SccLocalPath45 = LVSA.Report.Infrastructure.Data
		SccProjectUniqueName46 = LVSA.Report.Application\\LVSA.Report.Application.csproj
		SccProjectTopLevelParentUniqueName46 = LVSA.Corporativo.sln
		SccProjectName46 = LVSA.Report.Application
		SccLocalPath46 = LVSA.Report.Application
		SccProjectUniqueName47 = LVSA.Report.Infrastructure.CrossCutting.IoC.Application\\LVSA.Report.Infrastructure.CrossCutting.IoC.Application.csproj
		SccProjectTopLevelParentUniqueName47 = LVSA.Corporativo.sln
		SccProjectName47 = LVSA.Report.Infrastructure.CrossCutting.IoC.Application
		SccLocalPath47 = LVSA.Report.Infrastructure.CrossCutting.IoC.Application
		SccProjectUniqueName48 = LVSA.Report.Infrastructure.CrossCutting.IoC.Domain\\LVSA.Report.Infrastructure.CrossCutting.IoC.Domain.csproj
		SccProjectTopLevelParentUniqueName48 = LVSA.Corporativo.sln
		SccProjectName48 = LVSA.Report.Infrastructure.CrossCutting.IoC.Domain
		SccLocalPath48 = LVSA.Report.Infrastructure.CrossCutting.IoC.Domain
		SccProjectUniqueName49 = LVSA.Report.Presentation\\LVSA.Report.Presentation.csproj
		SccProjectTopLevelParentUniqueName49 = LVSA.Corporativo.sln
		SccProjectName49 = LVSA.Report.Presentation
		SccLocalPath49 = LVSA.Report.Presentation
		SccProjectUniqueName50 = LVSA.Farm.Application\\LVSA.Farm.Application.csproj
		SccProjectTopLevelParentUniqueName50 = LVSA.Corporativo.sln
		SccProjectName50 = LVSA.Farm.Application
		SccLocalPath50 = LVSA.Farm.Application
		SccProjectUniqueName51 = LVSA.Farm.Domain\\LVSA.Farm.Domain.csproj
		SccProjectTopLevelParentUniqueName51 = LVSA.Corporativo.sln
		SccProjectName51 = LVSA.Farm.Domain
		SccLocalPath51 = LVSA.Farm.Domain
		SccProjectUniqueName52 = LVSA.Farm.Infrastructure.CrossCutting.IoC.Application\\LVSA.Farm.Infrastructure.CrossCutting.IoC.Application.csproj
		SccProjectTopLevelParentUniqueName52 = LVSA.Corporativo.sln
		SccProjectName52 = LVSA.Farm.Infrastructure.CrossCutting.IoC.Application
		SccLocalPath52 = LVSA.Farm.Infrastructure.CrossCutting.IoC.Application
		SccProjectUniqueName53 = LVSA.Farm.Infrastructure.CrossCutting.IoC.Domain\\LVSA.Farm.Infrastructure.CrossCutting.IoC.Domain.csproj
		SccProjectTopLevelParentUniqueName53 = LVSA.Corporativo.sln
		SccProjectName53 = LVSA.Farm.Infrastructure.CrossCutting.IoC.Domain
		SccLocalPath53 = LVSA.Farm.Infrastructure.CrossCutting.IoC.Domain
		SccProjectUniqueName54 = LVSA.Farm.Infrastructure.Data\\LVSA.Farm.Infrastructure.Data.csproj
		SccProjectTopLevelParentUniqueName54 = LVSA.Corporativo.sln
		SccProjectName54 = LVSA.Farm.Infrastructure.Data
		SccLocalPath54 = LVSA.Farm.Infrastructure.Data
		SccProjectUniqueName55 = LVSA.Farm.Presentation\\LVSA.Farm.Presentation.csproj
		SccProjectTopLevelParentUniqueName55 = LVSA.Corporativo.sln
		SccProjectName55 = LVSA.Farm.Presentation
		SccLocalPath55 = LVSA.Farm.Presentation
		SccProjectUniqueName56 = LVSA.Social.Domain\\LVSA.Social.Domain.csproj
		SccProjectTopLevelParentUniqueName56 = LVSA.Corporativo.sln
		SccProjectName56 = LVSA.Social.Domain
		SccLocalPath56 = LVSA.Social.Domain
		SccProjectUniqueName57 = LVSA.Social.Infrastructure.Data\\LVSA.Social.Infrastructure.Data.csproj
		SccProjectTopLevelParentUniqueName57 = LVSA.Corporativo.sln
		SccProjectName57 = LVSA.Social.Infrastructure.Data
		SccLocalPath57 = LVSA.Social.Infrastructure.Data
		SccProjectUniqueName58 = LVSA.Social.Presentation\\LVSA.Social.Presentation.csproj
		SccProjectTopLevelParentUniqueName58 = LVSA.Corporativo.sln
		SccProjectName58 = LVSA.Social.Presentation
		SccLocalPath58 = LVSA.Social.Presentation
	EndGlobalSection
EndGlobal
